// !$*UTF8*$!
{
	archiveVersion = 1;
	classes = {
	};
	objectVersion = 56;
	objects = {

/* Begin PBXBuildFile section */
		28138C69295B8356000A2E5A /* AppDelegate.swift in Sources */ = {isa = PBXBuildFile; fileRef = 28138C68295B8356000A2E5A /* AppDelegate.swift */; };
		28138C6B295B8356000A2E5A /* SceneDelegate.swift in Sources */ = {isa = PBXBuildFile; fileRef = 28138C6A295B8356000A2E5A /* SceneDelegate.swift */; };
		28138C6D295B8356000A2E5A /* MainTabBarViewController.swift in Sources */ = {isa = PBXBuildFile; fileRef = 28138C6C295B8356000A2E5A /* MainTabBarViewController.swift */; };
		28138C72295B8357000A2E5A /* Assets.xcassets in Resources */ = {isa = PBXBuildFile; fileRef = 28138C71295B8357000A2E5A /* Assets.xcassets */; };
		28138C75295B8357000A2E5A /* LaunchScreen.storyboard in Resources */ = {isa = PBXBuildFile; fileRef = 28138C73295B8357000A2E5A /* LaunchScreen.storyboard */; };
		28138C80295B8357000A2E5A /* Netflix_CloneTests.swift in Sources */ = {isa = PBXBuildFile; fileRef = 28138C7F295B8357000A2E5A /* Netflix_CloneTests.swift */; };
		28138C8A295B8357000A2E5A /* Netflix_CloneUITests.swift in Sources */ = {isa = PBXBuildFile; fileRef = 28138C89295B8357000A2E5A /* Netflix_CloneUITests.swift */; };
		28138C8C295B8357000A2E5A /* Netflix_CloneUITestsLaunchTests.swift in Sources */ = {isa = PBXBuildFile; fileRef = 28138C8B295B8357000A2E5A /* Netflix_CloneUITestsLaunchTests.swift */; };
		28138C9A295B8B34000A2E5A /* HomeViewController.swift in Sources */ = {isa = PBXBuildFile; fileRef = 28138C99295B8B34000A2E5A /* HomeViewController.swift */; };
		28138C9C295B8B9B000A2E5A /* UpcomingViewController.swift in Sources */ = {isa = PBXBuildFile; fileRef = 28138C9B295B8B9B000A2E5A /* UpcomingViewController.swift */; };
		28138C9E295B8BBA000A2E5A /* SearchViewController.swift in Sources */ = {isa = PBXBuildFile; fileRef = 28138C9D295B8BBA000A2E5A /* SearchViewController.swift */; };
		28138CA0295B8BDB000A2E5A /* DownloadsViewController.swift in Sources */ = {isa = PBXBuildFile; fileRef = 28138C9F295B8BDB000A2E5A /* DownloadsViewController.swift */; };
		28138CA7295CB1D1000A2E5A /* CollectionViewTableViewCell.swift in Sources */ = {isa = PBXBuildFile; fileRef = 28138CA6295CB1D1000A2E5A /* CollectionViewTableViewCell.swift */; };
		28138CA9295DF4B7000A2E5A /* HeroHeaderUIView.swift in Sources */ = {isa = PBXBuildFile; fileRef = 28138CA8295DF4B7000A2E5A /* HeroHeaderUIView.swift */; };
/* End PBXBuildFile section */

/* Begin PBXContainerItemProxy section */
		28138C7C295B8357000A2E5A /* PBXContainerItemProxy */ = {
			isa = PBXContainerItemProxy;
			containerPortal = 28138C5D295B8356000A2E5A /* Project object */;
			proxyType = 1;
			remoteGlobalIDString = 28138C64295B8356000A2E5A;
			remoteInfo = "Netflix Clone";
		};
		28138C86295B8357000A2E5A /* PBXContainerItemProxy */ = {
			isa = PBXContainerItemProxy;
			containerPortal = 28138C5D295B8356000A2E5A /* Project object */;
			proxyType = 1;
			remoteGlobalIDString = 28138C64295B8356000A2E5A;
			remoteInfo = "Netflix Clone";
		};
/* End PBXContainerItemProxy section */

/* Begin PBXFileReference section */
		28138C65295B8356000A2E5A /* Netflix Clone.app */ = {isa = PBXFileReference; explicitFileType = wrapper.application; includeInIndex = 0; path = "Netflix Clone.app"; sourceTree = BUILT_PRODUCTS_DIR; };
		28138C68295B8356000A2E5A /* AppDelegate.swift */ = {isa = PBXFileReference; lastKnownFileType = sourcecode.swift; path = AppDelegate.swift; sourceTree = "<group>"; };
		28138C6A295B8356000A2E5A /* SceneDelegate.swift */ = {isa = PBXFileReference; lastKnownFileType = sourcecode.swift; path = SceneDelegate.swift; sourceTree = "<group>"; };
		28138C6C295B8356000A2E5A /* MainTabBarViewController.swift */ = {isa = PBXFileReference; lastKnownFileType = sourcecode.swift; path = MainTabBarViewController.swift; sourceTree = "<group>"; };
		28138C71295B8357000A2E5A /* Assets.xcassets */ = {isa = PBXFileReference; lastKnownFileType = folder.assetcatalog; path = Assets.xcassets; sourceTree = "<group>"; };
		28138C74295B8357000A2E5A /* Base */ = {isa = PBXFileReference; lastKnownFileType = file.storyboard; name = Base; path = Base.lproj/LaunchScreen.storyboard; sourceTree = "<group>"; };
		28138C76295B8357000A2E5A /* Info.plist */ = {isa = PBXFileReference; lastKnownFileType = text.plist.xml; path = Info.plist; sourceTree = "<group>"; };
		28138C7B295B8357000A2E5A /* Netflix CloneTests.xctest */ = {isa = PBXFileReference; explicitFileType = wrapper.cfbundle; includeInIndex = 0; path = "Netflix CloneTests.xctest"; sourceTree = BUILT_PRODUCTS_DIR; };
		28138C7F295B8357000A2E5A /* Netflix_CloneTests.swift */ = {isa = PBXFileReference; lastKnownFileType = sourcecode.swift; path = Netflix_CloneTests.swift; sourceTree = "<group>"; };
		28138C85295B8357000A2E5A /* Netflix CloneUITests.xctest */ = {isa = PBXFileReference; explicitFileType = wrapper.cfbundle; includeInIndex = 0; path = "Netflix CloneUITests.xctest"; sourceTree = BUILT_PRODUCTS_DIR; };
		28138C89295B8357000A2E5A /* Netflix_CloneUITests.swift */ = {isa = PBXFileReference; lastKnownFileType = sourcecode.swift; path = Netflix_CloneUITests.swift; sourceTree = "<group>"; };
		28138C8B295B8357000A2E5A /* Netflix_CloneUITestsLaunchTests.swift */ = {isa = PBXFileReference; lastKnownFileType = sourcecode.swift; path = Netflix_CloneUITestsLaunchTests.swift; sourceTree = "<group>"; };
		28138C99295B8B34000A2E5A /* HomeViewController.swift */ = {isa = PBXFileReference; lastKnownFileType = sourcecode.swift; path = HomeViewController.swift; sourceTree = "<group>"; };
		28138C9B295B8B9B000A2E5A /* UpcomingViewController.swift */ = {isa = PBXFileReference; lastKnownFileType = sourcecode.swift; path = UpcomingViewController.swift; sourceTree = "<group>"; };
		28138C9D295B8BBA000A2E5A /* SearchViewController.swift */ = {isa = PBXFileReference; lastKnownFileType = sourcecode.swift; path = SearchViewController.swift; sourceTree = "<group>"; };
		28138C9F295B8BDB000A2E5A /* DownloadsViewController.swift */ = {isa = PBXFileReference; lastKnownFileType = sourcecode.swift; path = DownloadsViewController.swift; sourceTree = "<group>"; };
		28138CA6295CB1D1000A2E5A /* CollectionViewTableViewCell.swift */ = {isa = PBXFileReference; lastKnownFileType = sourcecode.swift; path = CollectionViewTableViewCell.swift; sourceTree = "<group>"; };
		28138CA8295DF4B7000A2E5A /* HeroHeaderUIView.swift */ = {isa = PBXFileReference; lastKnownFileType = sourcecode.swift; path = HeroHeaderUIView.swift; sourceTree = "<group>"; };
/* End PBXFileReference section */

/* Begin PBXFrameworksBuildPhase section */
		28138C62295B8356000A2E5A /* Frameworks */ = {
			isa = PBXFrameworksBuildPhase;
			buildActionMask = 2147483647;
			files = (
			);
			runOnlyForDeploymentPostprocessing = 0;
		};
		28138C78295B8357000A2E5A /* Frameworks */ = {
			isa = PBXFrameworksBuildPhase;
			buildActionMask = 2147483647;
			files = (
			);
			runOnlyForDeploymentPostprocessing = 0;
		};
		28138C82295B8357000A2E5A /* Frameworks */ = {
			isa = PBXFrameworksBuildPhase;
			buildActionMask = 2147483647;
			files = (
			);
			runOnlyForDeploymentPostprocessing = 0;
		};
/* End PBXFrameworksBuildPhase section */

/* Begin PBXGroup section */
		28138C5C295B8356000A2E5A = {
			isa = PBXGroup;
			children = (
				28138C67295B8356000A2E5A /* Netflix Clone */,
				28138C7E295B8357000A2E5A /* Netflix CloneTests */,
				28138C88295B8357000A2E5A /* Netflix CloneUITests */,
				28138C66295B8356000A2E5A /* Products */,
			);
			sourceTree = "<group>";
		};
		28138C66295B8356000A2E5A /* Products */ = {
			isa = PBXGroup;
			children = (
				28138C65295B8356000A2E5A /* Netflix Clone.app */,
				28138C7B295B8357000A2E5A /* Netflix CloneTests.xctest */,
				28138C85295B8357000A2E5A /* Netflix CloneUITests.xctest */,
			);
			name = Products;
			sourceTree = "<group>";
		};
		28138C67295B8356000A2E5A /* Netflix Clone */ = {
			isa = PBXGroup;
			children = (
				28138CA5295CB19A000A2E5A /* Managers */,
				28138CA4295CB192000A2E5A /* Resources */,
				28138CA3295CB179000A2E5A /* Models */,
				28138CA2295CB16F000A2E5A /* ViewModels */,
				28138CA1295CB165000A2E5A /* Views */,
				28138C98295B8A81000A2E5A /* Controllers */,
				28138C68295B8356000A2E5A /* AppDelegate.swift */,
				28138C6A295B8356000A2E5A /* SceneDelegate.swift */,
				28138C6C295B8356000A2E5A /* MainTabBarViewController.swift */,
				28138C71295B8357000A2E5A /* Assets.xcassets */,
				28138C73295B8357000A2E5A /* LaunchScreen.storyboard */,
				28138C76295B8357000A2E5A /* Info.plist */,
			);
			path = "Netflix Clone";
			sourceTree = "<group>";
		};
		28138C7E295B8357000A2E5A /* Netflix CloneTests */ = {
			isa = PBXGroup;
			children = (
				28138C7F295B8357000A2E5A /* Netflix_CloneTests.swift */,
			);
			path = "Netflix CloneTests";
			sourceTree = "<group>";
		};
		28138C88295B8357000A2E5A /* Netflix CloneUITests */ = {
			isa = PBXGroup;
			children = (
				28138C89295B8357000A2E5A /* Netflix_CloneUITests.swift */,
				28138C8B295B8357000A2E5A /* Netflix_CloneUITestsLaunchTests.swift */,
			);
			path = "Netflix CloneUITests";
			sourceTree = "<group>";
		};
		28138C98295B8A81000A2E5A /* Controllers */ = {
			isa = PBXGroup;
			children = (
				28138C99295B8B34000A2E5A /* HomeViewController.swift */,
				28138C9B295B8B9B000A2E5A /* UpcomingViewController.swift */,
				28138C9D295B8BBA000A2E5A /* SearchViewController.swift */,
				28138C9F295B8BDB000A2E5A /* DownloadsViewController.swift */,
			);
			path = Controllers;
			sourceTree = "<group>";
		};
		28138CA1295CB165000A2E5A /* Views */ = {
			isa = PBXGroup;
			children = (
				28138CA6295CB1D1000A2E5A /* CollectionViewTableViewCell.swift */,
				28138CA8295DF4B7000A2E5A /* HeroHeaderUIView.swift */,
			);
			path = Views;
			sourceTree = "<group>";
		};
		28138CA2295CB16F000A2E5A /* ViewModels */ = {
			isa = PBXGroup;
			children = (
			);
			path = ViewModels;
			sourceTree = "<group>";
		};
		28138CA3295CB179000A2E5A /* Models */ = {
			isa = PBXGroup;
			children = (
			);
			path = Models;
			sourceTree = "<group>";
		};
		28138CA4295CB192000A2E5A /* Resources */ = {
			isa = PBXGroup;
			children = (
			);
			path = Resources;
			sourceTree = "<group>";
		};
		28138CA5295CB19A000A2E5A /* Managers */ = {
			isa = PBXGroup;
			children = (
			);
			path = Managers;
			sourceTree = "<group>";
		};
/* End PBXGroup section */

/* Begin PBXNativeTarget section */
		28138C64295B8356000A2E5A /* Netflix Clone */ = {
			isa = PBXNativeTarget;
			buildConfigurationList = 28138C8F295B8357000A2E5A /* Build configuration list for PBXNativeTarget "Netflix Clone" */;
			buildPhases = (
				28138C61295B8356000A2E5A /* Sources */,
				28138C62295B8356000A2E5A /* Frameworks */,
				28138C63295B8356000A2E5A /* Resources */,
			);
			buildRules = (
			);
			dependencies = (
			);
			name = "Netflix Clone";
			productName = "Netflix Clone";
			productReference = 28138C65295B8356000A2E5A /* Netflix Clone.app */;
			productType = "com.apple.product-type.application";
		};
		28138C7A295B8357000A2E5A /* Netflix CloneTests */ = {
			isa = PBXNativeTarget;
			buildConfigurationList = 28138C92295B8357000A2E5A /* Build configuration list for PBXNativeTarget "Netflix CloneTests" */;
			buildPhases = (
				28138C77295B8357000A2E5A /* Sources */,
				28138C78295B8357000A2E5A /* Frameworks */,
				28138C79295B8357000A2E5A /* Resources */,
			);
			buildRules = (
			);
			dependencies = (
				28138C7D295B8357000A2E5A /* PBXTargetDependency */,
			);
			name = "Netflix CloneTests";
			productName = "Netflix CloneTests";
			productReference = 28138C7B295B8357000A2E5A /* Netflix CloneTests.xctest */;
			productType = "com.apple.product-type.bundle.unit-test";
		};
		28138C84295B8357000A2E5A /* Netflix CloneUITests */ = {
			isa = PBXNativeTarget;
			buildConfigurationList = 28138C95295B8357000A2E5A /* Build configuration list for PBXNativeTarget "Netflix CloneUITests" */;
			buildPhases = (
				28138C81295B8357000A2E5A /* Sources */,
				28138C82295B8357000A2E5A /* Frameworks */,
				28138C83295B8357000A2E5A /* Resources */,
			);
			buildRules = (
			);
			dependencies = (
				28138C87295B8357000A2E5A /* PBXTargetDependency */,
			);
			name = "Netflix CloneUITests";
			productName = "Netflix CloneUITests";
			productReference = 28138C85295B8357000A2E5A /* Netflix CloneUITests.xctest */;
			productType = "com.apple.product-type.bundle.ui-testing";
		};
/* End PBXNativeTarget section */

/* Begin PBXProject section */
		28138C5D295B8356000A2E5A /* Project object */ = {
			isa = PBXProject;
			attributes = {
				BuildIndependentTargetsInParallel = 1;
				LastSwiftUpdateCheck = 1420;
				LastUpgradeCheck = 1420;
				TargetAttributes = {
					28138C64295B8356000A2E5A = {
						CreatedOnToolsVersion = 14.2;
					};
					28138C7A295B8357000A2E5A = {
						CreatedOnToolsVersion = 14.2;
						TestTargetID = 28138C64295B8356000A2E5A;
					};
					28138C84295B8357000A2E5A = {
						CreatedOnToolsVersion = 14.2;
						TestTargetID = 28138C64295B8356000A2E5A;
					};
				};
			};
			buildConfigurationList = 28138C60295B8356000A2E5A /* Build configuration list for PBXProject "Netflix Clone" */;
			compatibilityVersion = "Xcode 14.0";
			developmentRegion = en;
			hasScannedForEncodings = 0;
			knownRegions = (
				en,
				Base,
			);
			mainGroup = 28138C5C295B8356000A2E5A;
			productRefGroup = 28138C66295B8356000A2E5A /* Products */;
			projectDirPath = "";
			projectRoot = "";
			targets = (
				28138C64295B8356000A2E5A /* Netflix Clone */,
				28138C7A295B8357000A2E5A /* Netflix CloneTests */,
				28138C84295B8357000A2E5A /* Netflix CloneUITests */,
			);
		};
/* End PBXProject section */

/* Begin PBXResourcesBuildPhase section */
		28138C63295B8356000A2E5A /* Resources */ = {
			isa = PBXResourcesBuildPhase;
			buildActionMask = 2147483647;
			files = (
				28138C75295B8357000A2E5A /* LaunchScreen.storyboard in Resources */,
				28138C72295B8357000A2E5A /* Assets.xcassets in Resources */,
			);
			runOnlyForDeploymentPostprocessing = 0;
		};
		28138C79295B8357000A2E5A /* Resources */ = {
			isa = PBXResourcesBuildPhase;
			buildActionMask = 2147483647;
			files = (
			);
			runOnlyForDeploymentPostprocessing = 0;
		};
		28138C83295B8357000A2E5A /* Resources */ = {
			isa = PBXResourcesBuildPhase;
			buildActionMask = 2147483647;
			files = (
			);
			runOnlyForDeploymentPostprocessing = 0;
		};
/* End PBXResourcesBuildPhase section */

/* Begin PBXSourcesBuildPhase section */
		28138C61295B8356000A2E5A /* Sources */ = {
			isa = PBXSourcesBuildPhase;
			buildActionMask = 2147483647;
			files = (
				28138C9E295B8BBA000A2E5A /* SearchViewController.swift in Sources */,
				28138C6D295B8356000A2E5A /* MainTabBarViewController.swift in Sources */,
				28138CA7295CB1D1000A2E5A /* CollectionViewTableViewCell.swift in Sources */,
				28138CA9295DF4B7000A2E5A /* HeroHeaderUIView.swift in Sources */,
				28138CA0295B8BDB000A2E5A /* DownloadsViewController.swift in Sources */,
				28138C69295B8356000A2E5A /* AppDelegate.swift in Sources */,
				28138C6B295B8356000A2E5A /* SceneDelegate.swift in Sources */,
				28138C9C295B8B9B000A2E5A /* UpcomingViewController.swift in Sources */,
				28138C9A295B8B34000A2E5A /* HomeViewController.swift in Sources */,
			);
			runOnlyForDeploymentPostprocessing = 0;
		};
		28138C77295B8357000A2E5A /* Sources */ = {
			isa = PBXSourcesBuildPhase;
			buildActionMask = 2147483647;
			files = (
				28138C80295B8357000A2E5A /* Netflix_CloneTests.swift in Sources */,
			);
			runOnlyForDeploymentPostprocessing = 0;
		};
		28138C81295B8357000A2E5A /* Sources */ = {
			isa = PBXSourcesBuildPhase;
			buildActionMask = 2147483647;
			files = (
				28138C8A295B8357000A2E5A /* Netflix_CloneUITests.swift in Sources */,
				28138C8C295B8357000A2E5A /* Netflix_CloneUITestsLaunchTests.swift in Sources */,
			);
			runOnlyForDeploymentPostprocessing = 0;
		};
/* End PBXSourcesBuildPhase section */

/* Begin PBXTargetDependency section */
		28138C7D295B8357000A2E5A /* PBXTargetDependency */ = {
			isa = PBXTargetDependency;
			target = 28138C64295B8356000A2E5A /* Netflix Clone */;
			targetProxy = 28138C7C295B8357000A2E5A /* PBXContainerItemProxy */;
		};
		28138C87295B8357000A2E5A /* PBXTargetDependency */ = {
			isa = PBXTargetDependency;
			target = 28138C64295B8356000A2E5A /* Netflix Clone */;
			targetProxy = 28138C86295B8357000A2E5A /* PBXContainerItemProxy */;
		};
/* End PBXTargetDependency section */

/* Begin PBXVariantGroup section */
		28138C73295B8357000A2E5A /* LaunchScreen.storyboard */ = {
			isa = PBXVariantGroup;
			children = (
				28138C74295B8357000A2E5A /* Base */,
			);
			name = LaunchScreen.storyboard;
			sourceTree = "<group>";
		};
/* End PBXVariantGroup section */

/* Begin XCBuildConfiguration section */
		28138C8D295B8357000A2E5A /* Debug */ = {
			isa = XCBuildConfiguration;
			buildSettings = {
				ALWAYS_SEARCH_USER_PATHS = NO;
				CLANG_ANALYZER_NONNULL = YES;
				CLANG_ANALYZER_NUMBER_OBJECT_CONVERSION = YES_AGGRESSIVE;
				CLANG_CXX_LANGUAGE_STANDARD = "gnu++20";
				CLANG_ENABLE_MODULES = YES;
				CLANG_ENABLE_OBJC_ARC = YES;
				CLANG_ENABLE_OBJC_WEAK = YES;
				CLANG_WARN_BLOCK_CAPTURE_AUTORELEASING = YES;
				CLANG_WARN_BOOL_CONVERSION = YES;
				CLANG_WARN_COMMA = YES;
				CLANG_WARN_CONSTANT_CONVERSION = YES;
				CLANG_WARN_DEPRECATED_OBJC_IMPLEMENTATIONS = YES;
				CLANG_WARN_DIRECT_OBJC_ISA_USAGE = YES_ERROR;
				CLANG_WARN_DOCUMENTATION_COMMENTS = YES;
				CLANG_WARN_EMPTY_BODY = YES;
				CLANG_WARN_ENUM_CONVERSION = YES;
				CLANG_WARN_INFINITE_RECURSION = YES;
				CLANG_WARN_INT_CONVERSION = YES;
				CLANG_WARN_NON_LITERAL_NULL_CONVERSION = YES;
				CLANG_WARN_OBJC_IMPLICIT_RETAIN_SELF = YES;
				CLANG_WARN_OBJC_LITERAL_CONVERSION = YES;
				CLANG_WARN_OBJC_ROOT_CLASS = YES_ERROR;
				CLANG_WARN_QUOTED_INCLUDE_IN_FRAMEWORK_HEADER = YES;
				CLANG_WARN_RANGE_LOOP_ANALYSIS = YES;
				CLANG_WARN_STRICT_PROTOTYPES = YES;
				CLANG_WARN_SUSPICIOUS_MOVE = YES;
				CLANG_WARN_UNGUARDED_AVAILABILITY = YES_AGGRESSIVE;
				CLANG_WARN_UNREACHABLE_CODE = YES;
				CLANG_WARN__DUPLICATE_METHOD_MATCH = YES;
				COPY_PHASE_STRIP = NO;
				DEBUG_INFORMATION_FORMAT = dwarf;
				ENABLE_STRICT_OBJC_MSGSEND = YES;
				ENABLE_TESTABILITY = YES;
				GCC_C_LANGUAGE_STANDARD = gnu11;
				GCC_DYNAMIC_NO_PIC = NO;
				GCC_NO_COMMON_BLOCKS = YES;
				GCC_OPTIMIZATION_LEVEL = 0;
				GCC_PREPROCESSOR_DEFINITIONS = (
					"DEBUG=1",
					"$(inherited)",
				);
				GCC_WARN_64_TO_32_BIT_CONVERSION = YES;
				GCC_WARN_ABOUT_RETURN_TYPE = YES_ERROR;
				GCC_WARN_UNDECLARED_SELECTOR = YES;
				GCC_WARN_UNINITIALIZED_AUTOS = YES_AGGRESSIVE;
				GCC_WARN_UNUSED_FUNCTION = YES;
				GCC_WARN_UNUSED_VARIABLE = YES;
				IPHONEOS_DEPLOYMENT_TARGET = 16.2;
				MTL_ENABLE_DEBUG_INFO = INCLUDE_SOURCE;
				MTL_FAST_MATH = YES;
				ONLY_ACTIVE_ARCH = YES;
				SDKROOT = iphoneos;
				SWIFT_ACTIVE_COMPILATION_CONDITIONS = DEBUG;
				SWIFT_OPTIMIZATION_LEVEL = "-Onone";
			};
			name = Debug;
		};
		28138C8E295B8357000A2E5A /* Release */ = {
			isa = XCBuildConfiguration;
			buildSettings = {
				ALWAYS_SEARCH_USER_PATHS = NO;
				CLANG_ANALYZER_NONNULL = YES;
				CLANG_ANALYZER_NUMBER_OBJECT_CONVERSION = YES_AGGRESSIVE;
				CLANG_CXX_LANGUAGE_STANDARD = "gnu++20";
				CLANG_ENABLE_MODULES = YES;
				CLANG_ENABLE_OBJC_ARC = YES;
				CLANG_ENABLE_OBJC_WEAK = YES;
				CLANG_WARN_BLOCK_CAPTURE_AUTORELEASING = YES;
				CLANG_WARN_BOOL_CONVERSION = YES;
				CLANG_WARN_COMMA = YES;
				CLANG_WARN_CONSTANT_CONVERSION = YES;
				CLANG_WARN_DEPRECATED_OBJC_IMPLEMENTATIONS = YES;
				CLANG_WARN_DIRECT_OBJC_ISA_USAGE = YES_ERROR;
				CLANG_WARN_DOCUMENTATION_COMMENTS = YES;
				CLANG_WARN_EMPTY_BODY = YES;
				CLANG_WARN_ENUM_CONVERSION = YES;
				CLANG_WARN_INFINITE_RECURSION = YES;
				CLANG_WARN_INT_CONVERSION = YES;
				CLANG_WARN_NON_LITERAL_NULL_CONVERSION = YES;
				CLANG_WARN_OBJC_IMPLICIT_RETAIN_SELF = YES;
				CLANG_WARN_OBJC_LITERAL_CONVERSION = YES;
				CLANG_WARN_OBJC_ROOT_CLASS = YES_ERROR;
				CLANG_WARN_QUOTED_INCLUDE_IN_FRAMEWORK_HEADER = YES;
				CLANG_WARN_RANGE_LOOP_ANALYSIS = YES;
				CLANG_WARN_STRICT_PROTOTYPES = YES;
				CLANG_WARN_SUSPICIOUS_MOVE = YES;
				CLANG_WARN_UNGUARDED_AVAILABILITY = YES_AGGRESSIVE;
				CLANG_WARN_UNREACHABLE_CODE = YES;
				CLANG_WARN__DUPLICATE_METHOD_MATCH = YES;
				COPY_PHASE_STRIP = NO;
				DEBUG_INFORMATION_FORMAT = "dwarf-with-dsym";
				ENABLE_NS_ASSERTIONS = NO;
				ENABLE_STRICT_OBJC_MSGSEND = YES;
				GCC_C_LANGUAGE_STANDARD = gnu11;
				GCC_NO_COMMON_BLOCKS = YES;
				GCC_WARN_64_TO_32_BIT_CONVERSION = YES;
				GCC_WARN_ABOUT_RETURN_TYPE = YES_ERROR;
				GCC_WARN_UNDECLARED_SELECTOR = YES;
				GCC_WARN_UNINITIALIZED_AUTOS = YES_AGGRESSIVE;
				GCC_WARN_UNUSED_FUNCTION = YES;
				GCC_WARN_UNUSED_VARIABLE = YES;
				IPHONEOS_DEPLOYMENT_TARGET = 16.2;
				MTL_ENABLE_DEBUG_INFO = NO;
				MTL_FAST_MATH = YES;
				SDKROOT = iphoneos;
				SWIFT_COMPILATION_MODE = wholemodule;
				SWIFT_OPTIMIZATION_LEVEL = "-O";
				VALIDATE_PRODUCT = YES;
			};
			name = Release;
		};
		28138C90295B8357000A2E5A /* Debug */ = {
			isa = XCBuildConfiguration;
			buildSettings = {
				ASSETCATALOG_COMPILER_APPICON_NAME = AppIcon;
				ASSETCATALOG_COMPILER_GLOBAL_ACCENT_COLOR_NAME = AccentColor;
				CODE_SIGN_STYLE = Automatic;
				CURRENT_PROJECT_VERSION = 1;
				GENERATE_INFOPLIST_FILE = YES;
				INFOPLIST_FILE = "Netflix Clone/Info.plist";
				INFOPLIST_KEY_UIApplicationSupportsIndirectInputEvents = YES;
				INFOPLIST_KEY_UILaunchStoryboardName = LaunchScreen;
				INFOPLIST_KEY_UISupportedInterfaceOrientations_iPad = "UIInterfaceOrientationPortrait UIInterfaceOrientationPortraitUpsideDown UIInterfaceOrientationLandscapeLeft UIInterfaceOrientationLandscapeRight";
				INFOPLIST_KEY_UISupportedInterfaceOrientations_iPhone = "UIInterfaceOrientationPortrait UIInterfaceOrientationLandscapeLeft UIInterfaceOrientationLandscapeRight";
				LD_RUNPATH_SEARCH_PATHS = (
					"$(inherited)",
					"@executable_path/Frameworks",
				);
				MARKETING_VERSION = 1.0;
				PRODUCT_BUNDLE_IDENTIFIER = "com.sarah-deleppo.Netflix-Clone";
				PRODUCT_NAME = "$(TARGET_NAME)";
				SWIFT_EMIT_LOC_STRINGS = YES;
				SWIFT_VERSION = 5.0;
				TARGETED_DEVICE_FAMILY = "1,2";
			};
			name = Debug;
		};
		28138C91295B8357000A2E5A /* Release */ = {
			isa = XCBuildConfiguration;
			buildSettings = {
				ASSETCATALOG_COMPILER_APPICON_NAME = AppIcon;
				ASSETCATALOG_COMPILER_GLOBAL_ACCENT_COLOR_NAME = AccentColor;
				CODE_SIGN_STYLE = Automatic;
				CURRENT_PROJECT_VERSION = 1;
				GENERATE_INFOPLIST_FILE = YES;
				INFOPLIST_FILE = "Netflix Clone/Info.plist";
				INFOPLIST_KEY_UIApplicationSupportsIndirectInputEvents = YES;
				INFOPLIST_KEY_UILaunchStoryboardName = LaunchScreen;
				INFOPLIST_KEY_UISupportedInterfaceOrientations_iPad = "UIInterfaceOrientationPortrait UIInterfaceOrientationPortraitUpsideDown UIInterfaceOrientationLandscapeLeft UIInterfaceOrientationLandscapeRight";
				INFOPLIST_KEY_UISupportedInterfaceOrientations_iPhone = "UIInterfaceOrientationPortrait UIInterfaceOrientationLandscapeLeft UIInterfaceOrientationLandscapeRight";
				LD_RUNPATH_SEARCH_PATHS = (
					"$(inherited)",
					"@executable_path/Frameworks",
				);
				MARKETING_VERSION = 1.0;
				PRODUCT_BUNDLE_IDENTIFIER = "com.sarah-deleppo.Netflix-Clone";
				PRODUCT_NAME = "$(TARGET_NAME)";
				SWIFT_EMIT_LOC_STRINGS = YES;
				SWIFT_VERSION = 5.0;
				TARGETED_DEVICE_FAMILY = "1,2";
			};
			name = Release;
		};
		28138C93295B8357000A2E5A /* Debug */ = {
			isa = XCBuildConfiguration;
			buildSettings = {
				ALWAYS_EMBED_SWIFT_STANDARD_LIBRARIES = YES;
				BUNDLE_LOADER = "$(TEST_HOST)";
				CODE_SIGN_STYLE = Automatic;
				CURRENT_PROJECT_VERSION = 1;
				GENERATE_INFOPLIST_FILE = YES;
				IPHONEOS_DEPLOYMENT_TARGET = 16.2;
				MARKETING_VERSION = 1.0;
				PRODUCT_BUNDLE_IDENTIFIER = "com.sarah-deleppo.Netflix-CloneTests";
				PRODUCT_NAME = "$(TARGET_NAME)";
				SWIFT_EMIT_LOC_STRINGS = NO;
				SWIFT_VERSION = 5.0;
				TARGETED_DEVICE_FAMILY = "1,2";
				TEST_HOST = "$(BUILT_PRODUCTS_DIR)/Netflix Clone.app/$(BUNDLE_EXECUTABLE_FOLDER_PATH)/Netflix Clone";
			};
			name = Debug;
		};
		28138C94295B8357000A2E5A /* Release */ = {
			isa = XCBuildConfiguration;
			buildSettings = {
				ALWAYS_EMBED_SWIFT_STANDARD_LIBRARIES = YES;
				BUNDLE_LOADER = "$(TEST_HOST)";
				CODE_SIGN_STYLE = Automatic;
				CURRENT_PROJECT_VERSION = 1;
				GENERATE_INFOPLIST_FILE = YES;
				IPHONEOS_DEPLOYMENT_TARGET = 16.2;
				MARKETING_VERSION = 1.0;
				PRODUCT_BUNDLE_IDENTIFIER = "com.sarah-deleppo.Netflix-CloneTests";
				PRODUCT_NAME = "$(TARGET_NAME)";
				SWIFT_EMIT_LOC_STRINGS = NO;
				SWIFT_VERSION = 5.0;
				TARGETED_DEVICE_FAMILY = "1,2";
				TEST_HOST = "$(BUILT_PRODUCTS_DIR)/Netflix Clone.app/$(BUNDLE_EXECUTABLE_FOLDER_PATH)/Netflix Clone";
			};
			name = Release;
		};
		28138C96295B8357000A2E5A /* Debug */ = {
			isa = XCBuildConfiguration;
			buildSettings = {
				ALWAYS_EMBED_SWIFT_STANDARD_LIBRARIES = YES;
				CODE_SIGN_STYLE = Automatic;
				CURRENT_PROJECT_VERSION = 1;
				GENERATE_INFOPLIST_FILE = YES;
				MARKETING_VERSION = 1.0;
				PRODUCT_BUNDLE_IDENTIFIER = "com.sarah-deleppo.Netflix-CloneUITests";
				PRODUCT_NAME = "$(TARGET_NAME)";
				SWIFT_EMIT_LOC_STRINGS = NO;
				SWIFT_VERSION = 5.0;
				TARGETED_DEVICE_FAMILY = "1,2";
				TEST_TARGET_NAME = "Netflix Clone";
			};
			name = Debug;
		};
		28138C97295B8357000A2E5A /* Release */ = {
			isa = XCBuildConfiguration;
			buildSettings = {
				ALWAYS_EMBED_SWIFT_STANDARD_LIBRARIES = YES;
				CODE_SIGN_STYLE = Automatic;
				CURRENT_PROJECT_VERSION = 1;
				GENERATE_INFOPLIST_FILE = YES;
				MARKETING_VERSION = 1.0;
				PRODUCT_BUNDLE_IDENTIFIER = "com.sarah-deleppo.Netflix-CloneUITests";
				PRODUCT_NAME = "$(TARGET_NAME)";
				SWIFT_EMIT_LOC_STRINGS = NO;
				SWIFT_VERSION = 5.0;
				TARGETED_DEVICE_FAMILY = "1,2";
				TEST_TARGET_NAME = "Netflix Clone";
			};
			name = Release;
		};
/* End XCBuildConfiguration section */

/* Begin XCConfigurationList section */
		28138C60295B8356000A2E5A /* Build configuration list for PBXProject "Netflix Clone" */ = {
			isa = XCConfigurationList;
			buildConfigurations = (
				28138C8D295B8357000A2E5A /* Debug */,
				28138C8E295B8357000A2E5A /* Release */,
			);
			defaultConfigurationIsVisible = 0;
			defaultConfigurationName = Release;
		};
		28138C8F295B8357000A2E5A /* Build configuration list for PBXNativeTarget "Netflix Clone" */ = {
			isa = XCConfigurationList;
			buildConfigurations = (
				28138C90295B8357000A2E5A /* Debug */,
				28138C91295B8357000A2E5A /* Release */,
			);
			defaultConfigurationIsVisible = 0;
			defaultConfigurationName = Release;
		};
		28138C92295B8357000A2E5A /* Build configuration list for PBXNativeTarget "Netflix CloneTests" */ = {
			isa = XCConfigurationList;
			buildConfigurations = (
				28138C93295B8357000A2E5A /* Debug */,
				28138C94295B8357000A2E5A /* Release */,
			);
			defaultConfigurationIsVisible = 0;
			defaultConfigurationName = Release;
		};
		28138C95295B8357000A2E5A /* Build configuration list for PBXNativeTarget "Netflix CloneUITests" */ = {
			isa = XCConfigurationList;
			buildConfigurations = (
				28138C96295B8357000A2E5A /* Debug */,
				28138C97295B8357000A2E5A /* Release */,
			);
			defaultConfigurationIsVisible = 0;
			defaultConfigurationName = Release;
		};
/* End XCConfigurationList section */
	};
	rootObject = 28138C5D295B8356000A2E5A /* Project object */;
}
